schema: '2.0'
stages:
  prepare:
    cmd: PYTHONPATH=. python3 credit_card_pipeline/scripts/prepare.py
    deps:
    - path: credit_card_pipeline/scripts/prepare.py
      md5: f526278db3d242d07faab990da9d5867
      size: 367
    params:
      params.yaml:
        prepare.data_path: data/creditcard.csv
    outs:
    - path: data/prepared.pkl
      md5: c296f17cf08c47dc8afed08a73b6f395
      size: 70633290
  feature_engenc:
    cmd: PYTHONPATH=. python3 credit_card_pipeline/scripts/feature_engenc.py
    deps:
    - path: credit_card_pipeline/scripts/feature_engenc.py
      md5: d8e773a59778f99150e0e39ab596b30b
      size: 1275
    params:
      params.yaml:
        feature_engenc.encoder_path: models/encoder.pkl
    outs:
    - path: data/features.pkl
      md5: b3e3031a11f099f19f73e350e9680b93
      size: 68354679
    - path: data/labels.pkl
      md5: 77b05e90588b603069a70d47269b4b3f
      size: 2279064
    - path: models/encoder.pkl
      md5: c829e8db11bc900014658700d3843ae3
      size: 1638
